version = 1
revision = 3
requires-python = ">=3.10"

[[package]]
name = "aws-deployment"
version = "0.1.0"
source = { virtual = "." }
dependencies = [
    { name = "boto3" },
    { name = "botocore", extra = ["crt"] },
    { name = "python-dotenv" },
]

[package.metadata]
requires-dist = [
    { name = "boto3", specifier = ">=1.35.0" },
    { name = "botocore", extras = ["crt"], specifier = ">=1.35.0" },
    { name = "python-dotenv", specifier = ">=1.0.0" },
]

[[package]]
name = "awscrt"
version = "0.36.0"
source = { registry = "https://pypi.org/simple" }
sdist = { url = "https://files.pythonhosted.org/packages/6a/7d/fd87588cffbef8fbdb8436f14fa673ee3735cf8600a1a2a36ef78718cfd6/awscrt-0.36.0.tar.gz", hash = "sha256:ad2198461f3b2a2851f37891d75dcb9173bfe2474d8550ad6260bf9970b4064a", size = 37058473, upload-time = "2026-07-16T19:36:20.843Z" }
wheels = [
    { url = "https://files.pythonhosted.org/packages/bf/f4/f1fc56f0a48154e14428ed4dada897fbea8d1d5c94127575af3041cbdf2e/awscrt-0.36.0-cp310-cp310-macosx_10_15_universal2.whl", hash = "sha256:698c0af9c376d8103c03b8b45ef80bdd100c6a91d26538fa8baa1f22c0a848be", size = 5148286, upload-time = "2026-07-16T19:35:07.156Z" },
    { url = "https://files.pythonhosted.org/packages/d2/aa/94174564e1b1e54307e7564c4c97bd4563f77c41b1b35e79b1d4475b050a/awscrt-0.36.0-cp310-cp310-manylinux2014_aarch64.manylinux_2_17_aarch64.whl", hash = "sha256:d901f73c9cf722d76f5947c87dfb10de3cea324646c29ecc053fef63b79ef466", size = 4012383, upload-time = "2026-07-16T19:35:08.815Z" },
    { url = "https://files.pythonhosted.org/packages/7d/9d/65cb2e5b6b96acfb3d98a21414293584d4457e28827bf754a377aed39585/awscrt-0.36.0-cp310-cp310-manylinux2014_x86_64.manylinux_2_17_x86_64.whl", hash = "sha256:bf326cf5248835df4828ddd2ee74ad9e7fa2a294de0d8301e04af2bcd7af3e2a", size = 4303769, upload-time = "2026-07-16T19:35:10.172Z" },
    { url = "https://files.pythonhosted.org/packages/b4/c1/a7addb874a662fff63586e2857c54b1ce72775f02fd8a6b2113370d49e35/awscrt-0.36.0-cp310-cp310-musllinux_1_1_aarch64.whl", hash = "sha256:9950a556b5a2d6b3dc5d5aab1755639cc357c0b7fde6f5a4d8bafc3c333f433b", size = 3945220, upload-time = "2026-07-16T19:35:11.693Z" },
    { url = "https://files.pythonhosted.org/packages/13/ad/ddeaba1a318d1448a7fa522d0acc2ce919f397d75fa63ed0b4f97ad4b7f1/awscrt-0.36.0-cp310-cp310-musllinux_1_1_x86_64.whl", hash = "sha256:48b2622ecf02dcb7092a3b7b7ec92f71b9d7cd234e0bdb72cc9a2faecb4d058a", size = 4186776, upload-time = "2026-07-16T19:35:13.008Z" },
    { url = "https://files.pythonhosted.org/packages/60/77/adeed08e1cbb207685199ade997f4b523236343914bb7b34af0e276654aa/awscrt-0.36.0-cp310-cp310-win32.whl", hash = "sha256:642ed998d7c794ad3844c23281a68f67adc57c9756eb0c65b0b4f76649d59239", size = 4166268, upload-time = "2026-07-16T19:35:14.541Z" },
    { url = "https://files.pythonhosted.org/packages/cb/91/b66dd9f28e5d1a38888a3839b4f29eea3e49d05af9bd7fc7dd8ca7defa88/awscrt-0.36.0-cp310-cp310-win_amd64.whl", hash = "sha256:e40a43780a1ea080a8dc9d313be76694b6609bbced7193d182a51bf6662febba", size = 4336657, upload-time = "2026-07-16T19:35:16.022Z" },
    { url = "https://files.pythonhosted.org/packages/b7/37/1dd6a63dc5325bdb36f082490fd770aec1fd6565d1aaacb3ff9fd9c2bad7/awscrt-0.36.0-cp311-abi3-macosx_10_15_universal2.whl", hash = "sha256:1f6dbe7fd755d981c6492f6ad08775060e86e9ccb7d84f6725e4444cee14bf5c", size = 5148128, upload-time = "2026-07-16T19:35:17.537Z" },
    { url = "https://files.pythonhosted.org/packages/78/e6/3ecfa5ad2023bc7e897ccd9f09e6d30d34448c9fddbdb2f7549f7964784e/awscrt-0.36.0-cp311-abi3-manylinux2014_aarch64.manylinux_2_17_aarch64.whl", hash = "sha256:900eb2cf518a3f1c7e9c4ebc320f5a3fac891208992b9428da76e3f0fb0300a5", size = 3972156, upload-time = "2026-07-16T19:35:19.025Z" },
    { url = "https://files.pythonhosted.org/packages/0a/94/a5fc3f83e4178f20f4e75fbecfaefc1c8d5a1d848eeba100c46226bf966e/awscrt-0.36.0-cp311-abi3-manylinux2014_x86_64.manylinux_2_17_x86_64.whl", hash = "sha256:bf8bafef584f9d5fead3a88f3b86e0aea957c85ecab5243d0c47858ea3d9b39a", size = 4264588, upload-time = "2026-07-16T19:35:20.437Z" },
    { url = "https://files.pythonhosted.org/packages/42/8d/0c3d1ea026a20be02a0586dd31c41018a98ec7e52701b1ff68c408e79d09/awscrt-0.36.0-cp311-abi3-musllinux_1_1_aarch64.whl", hash = "sha256:1608b45260678aeb4aabdf5f0c69799cb801304b50d065891f96a474e053f908", size = 3880158, upload-time = "2026-07-16T19:35:21.971Z" },
    { url = "https://files.pythonhosted.org/packages/cb/58/870c1a5adc6d0675e8a4cbb39ea7070ec2860a82b4fa71416bc18cc2f805/awscrt-0.36.0-cp311-abi3-musllinux_1_1_x86_64.whl", hash = "sha256:a950c3b4082a687f7e76accc01f937113c6febe13a790856381314323e6a8d03", size = 4121252, upload-time = "2026-07-16T19:35:23.442Z" },
    { url = "https://files.pythonhosted.org/packages/2a/85/a06708ee6caf8d0281a9a7c5f73ec36d5471dda37ccd0b630933c869fa4e/awscrt-0.36.0-cp311-abi3-win32.whl", hash = "sha256:b195103c3b87f02a2c2f278281a64e35dfe57d03d92017097adeb31332731459", size = 4167298, upload-time = "2026-07-16T19:35:24.86Z" },
    { url = "https://files.pythonhosted.org/packages/d6/0a/3fa90ed5283aba9c41f3ea657a4bc71addf6eda0fe85d05aff338f159a53/awscrt-0.36.0-cp311-abi3-win_amd64.whl", hash = "sha256:d4b391736d15f44d452bef0372997c418af44c83d0a11953d0e18a5fd937ba0f", size = 4337077, upload-time = "2026-07-16T19:35:26.236Z" },
    { url = "https://files.pythonhosted.org/packages/69/68/355a9c06805f14ac4e1ac1bdf81c8e50d1308dd8c1ea73ae8b3ff35a09ac/awscrt-0.36.0-cp313-abi3-macosx_10_15_universal2.whl", hash = "sha256:0ef852c7bd977402f2c82959d9b6c68e39c74bca885d4578cec86e6a3b60c864", size = 5146650, upload-time = "2026-07-16T19:35:27.565Z" },
    { url = "https://files.pythonhosted.org/packages/93/fb/982bb2798550c469e1fe8ff3b368dbc458f82187a82c38ce6b61456a7a94/awscrt-0.36.0-cp313-abi3-manylinux2014_aarch64.manylinux_2_17_aarch64.whl", hash = "sha256:01a55a4de4d3d915714590bd50cd3cc430e8f5bce78a4c6b6308c6a7f513ca12", size = 3962528, upload-time = "2026-07-16T19:35:29.166Z" },
    { url = "https://files.pythonhosted.org/packages/4d/91/a607e1c70a56bc33008b4a2829334e1b319cf9056419784aaed24dbad9c9/awscrt-0.36.0-cp313-abi3-manylinux2014_x86_64.manylinux_2_17_x86_64.whl", hash = "sha256:6dba4e0ec0aeec18ecf534081c02357794b89d8a7e12d83f6c970f9d90b1ff0a", size = 4258010, upload-time = "2026-07-16T19:35:30.606Z" },
    { url = "https://files.pythonhosted.org/packages/3c/ed/57655a46f64a7a5d384248a16ad624d2aac076b8a0e759f3e820a30543d0/awscrt-0.36.0-cp313-abi3-musllinux_1_1_aarch64.whl", hash = "sha256:63b726ee7165c5f13ffdd8c57402538a59d01dbc1eeec4eaef75790dbb4ce4d9", size = 3872506, upload-time = "2026-07-16T19:35:32.017Z" },
    { url = "https://files.pythonhosted.org/packages/06/c7/7963d182695a1a13597d8c1df36364595475eaba26af176a5d892e8199a6/awscrt-0.36.0-cp313-abi3-musllinux_1_1_x86_64.whl", hash = "sha256:74e8419f3ab6770082a5a7af267508c72af10b7352bae17b284800ba8e6ec13b", size = 4116622, upload-time = "2026-07-16T19:35:33.477Z" },
    { url = "https://files.pythonhosted.org/packages/7a/2f/dbefbf49c797a4fc0698f9f5ef51ec6725cc46755e8ce8ecadad07efe64a/awscrt-0.36.0-cp313-abi3-win32.whl", hash = "sha256:ef8e655ffaf245a2d4a5c6ca9a1da12fe72cf43c70457dd07f6e0b162ffed164", size = 4163785, upload-time = "2026-07-16T19:35:35.006Z" },
    { url = "https://files.pythonhosted.org/packages/54/b4/710ec9200b10bb3a39eb3308723fb7ee86622e57a2a8b18532e37c191b7a/awscrt-0.36.0-cp313-abi3-win_amd64.whl", hash = "sha256:e1329d9e6b4e1051bf094130fc40d9790cd6986b529bbe8a8bf65ae4fb559d30", size = 4333718, upload-time = "2026-07-16T19:35:36.431Z" },
    { url = "https://files.pythonhosted.org/packages/f9/15/d4754f15a54206ea2fe4bb8b2343dc86cf1ae163a413aeb23280feffe129/awscrt-0.36.0-cp313-cp313t-macosx_10_15_universal2.whl", hash = "sha256:6f0044e3fdc3acb7287dc8285fb0710370b94ffd5d69ee1e01a0f161b5ea0376", size = 5155749, upload-time = "2026-07-16T19:35:37.904Z" },
    { url = "https://files.pythonhosted.org/packages/3c/b2/64590179bc367832edb16a56ff88d86a73f8bfe070311325851c404331c1/awscrt-0.36.0-cp313-cp313t-musllinux_1_1_aarch64.whl", hash = "sha256:93ece6a57527cb6124cda94345adc797bee99ae34bb013c7edcd4bbe09493778", size = 4013555, upload-time = "2026-07-16T19:35:39.569Z" },
    { url = "https://files.pythonhosted.org/packages/e4/5f/eba58de79c2e63758805de1d355cbe68a17053cd460f1040c98f7baa9211/awscrt-0.36.0-cp313-cp313t-musllinux_1_1_x86_64.whl", hash = "sha256:6231b3940c261ac3c6e2128d9ea3fcaabdeec6f5737c19e4310f98b1c5ea2b8d", size = 4254426, upload-time = "2026-07-16T19:35:41.103Z" },
    { url = "https://files.pythonhosted.org/packages/ad/a9/49839240e66c8373fe266c9d16218cbce06f31c6e706939e53976c197631/awscrt-0.36.0-cp313-cp313t-win32.whl", hash = "sha256:62d8938540dfa84e754621bcbf9dfdab19a39a4ae2d3a6f350f3d615b1ff4767", size = 4219945, upload-time = "2026-07-16T19:35:42.604Z" },
    { url = "https://files.pythonhosted.org/packages/71/c6/926f66a4f17d874d60fc60578fe6be58f5a91e64cd8836a94f87d1803bf7/awscrt-0.36.0-cp313-cp313t-win_amd64.whl", hash = "sha256:3c822bb7c98c306484c70564d798400110928a0ea5c9c1b2091b74a5026b4561", size = 4380060, upload-time = "2026-07-16T19:35:44.211Z" },
    { url = "https://files.pythonhosted.org/packages/8f/43/98fa9bd741ce4e46e9701ee2247635aa5ccfb9fbcf0e5922ab14ff91306d/awscrt-0.36.0-cp314-cp314t-macosx_10_15_universal2.whl", hash = "sha256:4c1a10d5f33a6c3fb1e39474242c6761b9f607c048e688b344acf95354053d65", size = 5155758, upload-time = "2026-07-16T19:35:45.687Z" },
    { url = "https://files.pythonhosted.org/packages/df/da/b21fff2240b8185afcced69912db6231ff62545e428bc70248c196f73f48/awscrt-0.36.0-cp314-cp314t-manylinux2014_aarch64.manylinux_2_17_aarch64.whl", hash = "sha256:b76cb47f2ed5c0bf989541ee80ab8f35d9a392d30b5de1e24b17d655e2f63da5", size = 4094173, upload-time = "2026-07-16T19:35:47.317Z" },
    { url = "https://files.pythonhosted.org/packages/4d/9c/b4ecc77494e5930f0bca50ba9b8c9f973ac477e0233c83126cfb81c85327/awscrt-0.36.0-cp314-cp314t-manylinux2014_x86_64.manylinux_2_17_x86_64.whl", hash = "sha256:bfc4039bc8ee9924d9dfc1558d073305d5d1f0046e87d7773826901d0f0f0792", size = 4384153, upload-time = "2026-07-16T19:35:48.931Z" },
    { url = "https://files.pythonhosted.org/packages/bf/48/ed0f2b0cb2cb5b7fbb89f14574c7b4bb5f7584072054523c3d4424be693e/awscrt-0.36.0-cp314-cp314t-win32.whl", hash = "sha256:2c8ebe57a6d8a329b57b480357767da1ae3af49d243727e826c3317da09397a5", size = 4301556, upload-time = "2026-07-16T19:35:50.48Z" },
    { url = "https://files.pythonhosted.org/packages/85/a3/9f36da2b735b896c4eb5455d858c4bca80eeadcf6bbfdfafd189de46830f/awscrt-0.36.0-cp314-cp314t-win_amd64.whl", hash = "sha256:edc9814c5ddf4b49e9b4dc5f424b7172afc07a2f7b655338a25d6c87620d2b89", size = 4479687, upload-time = "2026-07-16T19:35:52.014Z" },
]

[[package]]
name = "boto3"
version = "1.43.88"
source = { registry = "https://pypi.org/simple" }
dependencies = [
    { name = "botocore" },
    { name = "jmespath" },
    { name = "s3transfer" },
]
sdist = { url = "https://files.pythonhosted.org/packages/71/a4/d7b6ca0c2c21722c12b6ecc942ff3e2304c40f00724182500236616c4236/boto3-1.43.88.tar.gz", hash = "sha256:b3d03fba8ace049de27e3a6ed69b25a55d752f49d563394985e805ed5f0a0a74", size = 112730, upload-time = "2026-09-03T19:24:05.814Z" }
wheels = [
    { url = "https://files.pythonhosted.org/packages/fc/04/b024d6c8ba2ae18ebaf6597981069a6f51d97ab64d769d466936f1454954/boto3-1.43.88-py3-none-any.whl", hash = "sha256:62efee681fefc9b14244d66ab66ead11dd4a32fec0a54ac9f23106003ef210ca", size = 140024, upload-time = "2026-09-03T19:24:04.27Z" },
]

[[package]]
name = "botocore"
version = "1.43.88"
source = { registry = "https://pypi.org/simple" }
dependencies = [
    { name = "jmespath" },
    { name = "python-dateutil" },
    { name = "urllib3" },
]
sdist = { url = "https://files.pythonhosted.org/packages/49/16/8944ffdbd6df92c463b77e933bae41a46fb1ec903c48a286e855761ce115/botocore-1.43.88.tar.gz", hash = "sha256:3c8a6e2292f05c590c5d5299934dd23c81d19a2b6dd70b9eb724f79bd432d04f", size = 16072325, upload-time = "2026-09-03T19:24:01.045Z" }
wheels = [
    { url = "https://files.pythonhosted.org/packages/72/b0/2981d533ebf7f93a3fa8493fb243e11225f31ad5ae36f3259fe7215d9141/botocore-1.43.88-py3-none-any.whl", hash = "sha256:1b59b6d74fb77b0c3934014b6693d56da4a9a172edb9454f9a5f711b4b3f7353", size = 15765383, upload-time = "2026-09-03T19:23:57.936Z" },
]

[package.optional-dependencies]
crt = [
    { name = "awscrt" },
]

[[package]]
name = "jmespath"
version = "1.1.0"
source = { registry = "https://pypi.org/simple" }
sdist = { url = "https://files.pythonhosted.org/packages/d3/59/322338183ecda247fb5d1763a6cbe46eff7222eaeebafd9fa65d4bf5cb11/jmespath-1.1.0.tar.gz", hash = "sha256:472c87d80f36026ae83c6ddd0f1d05d4e510134ed462851fd5f754c8c3cbb88d", size = 27377, upload-time = "2026-01-22T16:35:26.279Z" }
wheels = [
    { url = "https://files.pythonhosted.org/packages/14/2f/967ba146e6d58cf6a652da73885f52fc68001525b4197effc174321d70b4/jmespath-1.1.0-py3-none-any.whl", hash = "sha256:a5663118de4908c91729bea0acadca56526eb2698e83de10cd116ae0f4e97c64", size = 20419, upload-time = "2026-01-22T16:35:24.919Z" },
]

[[package]]
name = "python-dateutil"
version = "2.9.0.post0"
source = { registry = "https://pypi.org/simple" }
dependencies = [
    { name = "six" },
]
sdist = { url = "https://files.pythonhosted.org/packages/66/c0/0c8b6ad9f17a802ee498c46e004a0eb49bc148f2fd230864601a86dcf6db/python-dateutil-2.9.0.post0.tar.gz", hash = "sha256:37dd54208da7e1cd875388217d5e00ebd4179249f90fb72437e91a35459a0ad3", size = 342432, upload-time = "2024-03-01T18:36:20.211Z" }
wheels = [
    { url = "https://files.pythonhosted.org/packages/ec/57/56b9bcc3c9c6a792fcbaf139543cee77261f3651ca9da0c93f5c1221264b/python_dateutil-2.9.0.post0-py2.py3-none-any.whl", hash = "sha256:a8b2bc7bffae282281c8140a97d3aa9c14da0b136dfe83f850eea9a5f7470427", size = 229892, upload-time = "2024-03-01T18:36:18.57Z" },
]

[[package]]
name = "python-dotenv"
version = "1.2.3"
source = { registry = "https://pypi.org/simple" }
sdist = { url = "https://files.pythonhosted.org/packages/6a/53/ed9d74092561d4b01a2ef1349d52cdbc135e526c245f366b089cfca6de49/python_dotenv-1.2.3.tar.gz", hash = "sha256:a20a594dabeaa385725aa239d5244871c143ecb356add8a20fcf23773a6c3a35", size = 58945, upload-time = "2026-08-16T16:54:54.067Z" }
wheels = [
    { url = "https://files.pythonhosted.org/packages/0d/17/c5c6b53ddc18f297992099b3d9ec16c855c0ccc83263a21fe4d1c625ec6c/python_dotenv-1.2.3-py3-none-any.whl", hash = "sha256:904552145e8bfed22162c09dab1c2b9b54fefa7b23ba780f4f26ca0316b0f0d9", size = 22780, upload-time = "2026-08-16T16:54:52.473Z" },
]

[[package]]
name = "s3transfer"
version = "0.19.2"
source = { registry = "https://pypi.org/simple" }
dependencies = [
    { name = "botocore" },
]
sdist = { url = "https://files.pythonhosted.org/packages/76/43/35e4d8aa320bffe8287fe8f65f578fa2d2db0a64212f0e710dce58267854/s3transfer-0.19.2.tar.gz", hash = "sha256:ba0309fd86be3c27dbf78cdd813c13c5e1df16e5874b99d2535ebbdfb9892993", size = 165592, upload-time = "2026-07-22T19:30:44.432Z" }
wheels = [
    { url = "https://files.pythonhosted.org/packages/bc/e7/5c595c75e9f41a44f30e526eda465ea0b4eec93470e074e4a111b253f13a/s3transfer-0.19.2-py3-none-any.whl", hash = "sha256:d8168eccca828cbb2cd573675333f3bddd254313a9c42494b84c76b539e8ba25", size = 90216, upload-time = "2026-07-22T19:30:43.251Z" },
]

[[package]]
name = "six"
version = "1.17.0"
source = { registry = "https://pypi.org/simple" }
sdist = { url = "https://files.pythonhosted.org/packages/94/e7/b2c673351809dca68a0e064b6af791aa332cf192da575fd474ed7d6f16a2/six-1.17.0.tar.gz", hash = "sha256:ff70335d468e7eb6ec65b95b99d3a2836546063f63acc5171de367e834932a81", size = 34031, upload-time = "2024-12-04T17:35:28.174Z" }
wheels = [
    { url = "https://files.pythonhosted.org/packages/b7/ce/149a00dd41f10bc29e5921b496af8b574d8413afcd5e30dfa0ed46c2cc5e/six-1.17.0-py2.py3-none-any.whl", hash = "sha256:4721f391ed90541fddacab5acf947aa0d3dc7d27b2e1e8eda2be8970586c3274", size = 11050, upload-time = "2024-12-04T17:35:26.475Z" },
]

[[package]]
name = "urllib3"
version = "2.7.0"
source = { registry = "https://pypi.org/simple" }
sdist = { url = "https://files.pythonhosted.org/packages/53/0c/06f8b233b8fd13b9e5ee11424ef85419ba0d8ba0b3138bf360be2ff56953/urllib3-2.7.0.tar.gz", hash = "sha256:231e0ec3b63ceb14667c67be60f2f2c40a518cb38b03af60abc813da26505f4c", size = 433602, upload-time = "2026-05-07T16:13:18.596Z" }
wheels = [
    { url = "https://files.pythonhosted.org/packages/7f/3e/5db95bcf282c52709639744ca2a8b149baccf648e39c8cc87553df9eae0c/urllib3-2.7.0-py3-none-any.whl", hash = "sha256:9fb4c81ebbb1ce9531cce37674bbc6f1360472bc18ca9a553ede278ef7276897", size = 131087, upload-time = "2026-05-07T16:13:17.151Z" },
]
